
Microsoft Visual Studio Solution File, Format Version 12.00
# Visual Studio Version 16
VisualStudioVersion = 16.0.32929.386
MinimumVisualStudioVersion = 10.0.40219.1
Project("{FAE04EC0-301F-11D3-BF4B-00C04F79EFBC}") = "page256Assignment", "page256Assignment\page256Assignment.csproj", "{DA2E8433-C1F7-4F51-BDB3-0D47EDF02150}"
EndProject
Global
	GlobalSection(SolutionConfigurationPlatforms) = preSolution
		Debug|Any CPU = Debug|Any CPU
		Release|Any CPU = Release|Any CPU
	EndGlobalSection
	GlobalSection(ProjectConfigurationPlatforms) = postSolution
		{DA2E8433-C1F7-4F51-BDB3-0D47EDF02150}.Debug|Any CPU.ActiveCfg = Debug|Any CPU
		{DA2E8433-C1F7-4F51-BDB3-0D47EDF02150}.Debug|Any CPU.Build.0 = Debug|Any CPU
		{DA2E8433-C1F7-4F51-BDB3-0D47EDF02150}.Release|Any CPU.ActiveCfg = Release|Any CPU
		{DA2E8433-C1F7-4F51-BDB3-0D47EDF02150}.Release|Any CPU.Build.0 = Release|Any CPU
	EndGlobalSection
	GlobalSection(SolutionProperties) = preSolution
		HideSolutionNode = FALSE
	EndGlobalSection
	GlobalSection(ExtensibilityGlobals) = postSolution
		SolutionGuid = {2BA28A0C-AA92-4980-80E7-1DB8CE7F7F32}
	EndGlobalSection
EndGlobal
