
Microsoft Visual Studio Solution File, Format Version 12.00
# Visual Studio Version 16
VisualStudioVersion = 16.0.32929.386
MinimumVisualStudioVersion = 10.0.40219.1
Project("{FAE04EC0-301F-11D3-BF4B-00C04F79EFBC}") = "page306", "page306\page306.csproj", "{DC24FE7D-E6EF-466E-AD7B-C5A99B95C292}"
EndProject
Global
	GlobalSection(SolutionConfigurationPlatforms) = preSolution
		Debug|Any CPU = Debug|Any CPU
		Release|Any CPU = Release|Any CPU
	EndGlobalSection
	GlobalSection(ProjectConfigurationPlatforms) = postSolution
		{DC24FE7D-E6EF-466E-AD7B-C5A99B95C292}.Debug|Any CPU.ActiveCfg = Debug|Any CPU
		{DC24FE7D-E6EF-466E-AD7B-C5A99B95C292}.Debug|Any CPU.Build.0 = Debug|Any CPU
		{DC24FE7D-E6EF-466E-AD7B-C5A99B95C292}.Release|Any CPU.ActiveCfg = Release|Any CPU
		{DC24FE7D-E6EF-466E-AD7B-C5A99B95C292}.Release|Any CPU.Build.0 = Release|Any CPU
	EndGlobalSection
	GlobalSection(SolutionProperties) = preSolution
		HideSolutionNode = FALSE
	EndGlobalSection
	GlobalSection(ExtensibilityGlobals) = postSolution
		SolutionGuid = {A3602BCF-2C2E-4547-B3EB-FDFAA3E1E878}
	EndGlobalSection
EndGlobal
