
Microsoft Visual Studio Solution File, Format Version 12.00
# Visual Studio Version 16
VisualStudioVersion = 16.0.33130.400
MinimumVisualStudioVersion = 10.0.40219.1
Project("{FAE04EC0-301F-11D3-BF4B-00C04F79EFBC}") = "WebApplication1", "WebApplication1\WebApplication1.csproj", "{15145249-67E7-418B-A03D-68BB85839510}"
EndProject
Global
	GlobalSection(SolutionConfigurationPlatforms) = preSolution
		Debug|Any CPU = Debug|Any CPU
		Release|Any CPU = Release|Any CPU
	EndGlobalSection
	GlobalSection(ProjectConfigurationPlatforms) = postSolution
		{15145249-67E7-418B-A03D-68BB85839510}.Debug|Any CPU.ActiveCfg = Debug|Any CPU
		{15145249-67E7-418B-A03D-68BB85839510}.Debug|Any CPU.Build.0 = Debug|Any CPU
		{15145249-67E7-418B-A03D-68BB85839510}.Release|Any CPU.ActiveCfg = Release|Any CPU
		{15145249-67E7-418B-A03D-68BB85839510}.Release|Any CPU.Build.0 = Release|Any CPU
	EndGlobalSection
	GlobalSection(SolutionProperties) = preSolution
		HideSolutionNode = FALSE
	EndGlobalSection
	GlobalSection(ExtensibilityGlobals) = postSolution
		SolutionGuid = {BED516F5-12C2-441F-862B-0778C2A8867D}
	EndGlobalSection
EndGlobal
