
Microsoft Visual Studio Solution File, Format Version 12.00
# Visual Studio Version 16
VisualStudioVersion = 16.0.32929.386
MinimumVisualStudioVersion = 10.0.40219.1
Project("{FAE04EC0-301F-11D3-BF4B-00C04F79EFBC}") = "page279", "page279\page279.csproj", "{AFA4D35D-21CD-4EE6-9545-2FF0A77BE9A2}"
EndProject
Global
	GlobalSection(SolutionConfigurationPlatforms) = preSolution
		Debug|Any CPU = Debug|Any CPU
		Release|Any CPU = Release|Any CPU
	EndGlobalSection
	GlobalSection(ProjectConfigurationPlatforms) = postSolution
		{AFA4D35D-21CD-4EE6-9545-2FF0A77BE9A2}.Debug|Any CPU.ActiveCfg = Debug|Any CPU
		{AFA4D35D-21CD-4EE6-9545-2FF0A77BE9A2}.Debug|Any CPU.Build.0 = Debug|Any CPU
		{AFA4D35D-21CD-4EE6-9545-2FF0A77BE9A2}.Release|Any CPU.ActiveCfg = Release|Any CPU
		{AFA4D35D-21CD-4EE6-9545-2FF0A77BE9A2}.Release|Any CPU.Build.0 = Release|Any CPU
	EndGlobalSection
	GlobalSection(SolutionProperties) = preSolution
		HideSolutionNode = FALSE
	EndGlobalSection
	GlobalSection(ExtensibilityGlobals) = postSolution
		SolutionGuid = {543AA3A6-78C2-478F-BA2C-BF4E3374464B}
	EndGlobalSection
EndGlobal
