
Microsoft Visual Studio Solution File, Format Version 12.00
# Visual Studio Version 16
VisualStudioVersion = 16.0.33130.400
MinimumVisualStudioVersion = 10.0.40219.1
Project("{FAE04EC0-301F-11D3-BF4B-00C04F79EFBC}") = "StudentsAssignment", "StudentsAssignment\StudentsAssignment.csproj", "{71F6C619-E1D0-43D1-87FD-A2A6FAB608DB}"
EndProject
Global
	GlobalSection(SolutionConfigurationPlatforms) = preSolution
		Debug|Any CPU = Debug|Any CPU
		Release|Any CPU = Release|Any CPU
	EndGlobalSection
	GlobalSection(ProjectConfigurationPlatforms) = postSolution
		{71F6C619-E1D0-43D1-87FD-A2A6FAB608DB}.Debug|Any CPU.ActiveCfg = Debug|Any CPU
		{71F6C619-E1D0-43D1-87FD-A2A6FAB608DB}.Debug|Any CPU.Build.0 = Debug|Any CPU
		{71F6C619-E1D0-43D1-87FD-A2A6FAB608DB}.Release|Any CPU.ActiveCfg = Release|Any CPU
		{71F6C619-E1D0-43D1-87FD-A2A6FAB608DB}.Release|Any CPU.Build.0 = Release|Any CPU
	EndGlobalSection
	GlobalSection(SolutionProperties) = preSolution
		HideSolutionNode = FALSE
	EndGlobalSection
	GlobalSection(ExtensibilityGlobals) = postSolution
		SolutionGuid = {40C7F951-6935-4184-BAC5-0330C74EC8B6}
	EndGlobalSection
EndGlobal
