
Microsoft Visual Studio Solution File, Format Version 12.00
# Visual Studio Version 16
VisualStudioVersion = 16.0.32929.386
MinimumVisualStudioVersion = 10.0.40219.1
Project("{FAE04EC0-301F-11D3-BF4B-00C04F79EFBC}") = "shippingQuote", "shippingQuote\shippingQuote.csproj", "{9C4CF259-710D-440C-842E-4A58D911CF7B}"
EndProject
Global
	GlobalSection(SolutionConfigurationPlatforms) = preSolution
		Debug|Any CPU = Debug|Any CPU
		Release|Any CPU = Release|Any CPU
	EndGlobalSection
	GlobalSection(ProjectConfigurationPlatforms) = postSolution
		{9C4CF259-710D-440C-842E-4A58D911CF7B}.Debug|Any CPU.ActiveCfg = Debug|Any CPU
		{9C4CF259-710D-440C-842E-4A58D911CF7B}.Debug|Any CPU.Build.0 = Debug|Any CPU
		{9C4CF259-710D-440C-842E-4A58D911CF7B}.Release|Any CPU.ActiveCfg = Release|Any CPU
		{9C4CF259-710D-440C-842E-4A58D911CF7B}.Release|Any CPU.Build.0 = Release|Any CPU
	EndGlobalSection
	GlobalSection(SolutionProperties) = preSolution
		HideSolutionNode = FALSE
	EndGlobalSection
	GlobalSection(ExtensibilityGlobals) = postSolution
		SolutionGuid = {DC0D67DC-27E7-4455-BBA3-121CBED3F43A}
	EndGlobalSection
EndGlobal
